
Microsoft Visual Studio Solution File, Format Version 12.00
# Visual Studio Version 16
VisualStudioVersion = 16.0.30907.101
MinimumVisualStudioVersion = 10.0.40219.1
Project("{9092AA53-FB77-4645-B42D-1CCCA6BD08BD}") = "合成小信息ECUST", "合成小信息ECUST.njsproj", "{7E20A06C-DE7E-49F7-BC67-1CE4B837DFF5}"
EndProject
Global
	GlobalSection(SolutionConfigurationPlatforms) = preSolution
		Debug|Any CPU = Debug|Any CPU
		Release|Any CPU = Release|Any CPU
	EndGlobalSection
	GlobalSection(ProjectConfigurationPlatforms) = postSolution
		{7E20A06C-DE7E-49F7-BC67-1CE4B837DFF5}.Debug|Any CPU.ActiveCfg = Debug|Any CPU
		{7E20A06C-DE7E-49F7-BC67-1CE4B837DFF5}.Debug|Any CPU.Build.0 = Debug|Any CPU
		{7E20A06C-DE7E-49F7-BC67-1CE4B837DFF5}.Release|Any CPU.ActiveCfg = Release|Any CPU
		{7E20A06C-DE7E-49F7-BC67-1CE4B837DFF5}.Release|Any CPU.Build.0 = Release|Any CPU
	EndGlobalSection
	GlobalSection(SolutionProperties) = preSolution
		HideSolutionNode = FALSE
	EndGlobalSection
	GlobalSection(ExtensibilityGlobals) = postSolution
		SolutionGuid = {278EDCC0-A53D-4799-8515-091D97531EFD}
	EndGlobalSection
EndGlobal
